
Microsoft Visual Studio Solution File, Format Version 12.00
# Visual Studio Version 16
VisualStudioVersion = 25.0.1706.4
MinimumVisualStudioVersion = 10.0.40219.1
Project("{FAE04EC0-301F-11D3-BF4B-00C04F79EFBC}") = "server", "server\server.csproj", "{4662E735-D196-4E4C-A965-3F08776BE37B}"
EndProject
Project("{FAE04EC0-301F-11D3-BF4B-00C04F79EFBC}") = "server.Tests", "server.Tests\server.Tests.csproj", "{3EC0A7C6-205A-4CD4-BC68-953EBD61DAA4}"
EndProject
Global
	GlobalSection(SolutionConfigurationPlatforms) = preSolution
		Debug|Any CPU = Debug|Any CPU
		Release|Any CPU = Release|Any CPU
	EndGlobalSection
	GlobalSection(ProjectConfigurationPlatforms) = postSolution
		{4662E735-D196-4E4C-A965-3F08776BE37B}.Debug|Any CPU.ActiveCfg = Debug|Any CPU
		{4662E735-D196-4E4C-A965-3F08776BE37B}.Debug|Any CPU.Build.0 = Debug|Any CPU
		{4662E735-D196-4E4C-A965-3F08776BE37B}.Release|Any CPU.ActiveCfg = Release|Any CPU
		{4662E735-D196-4E4C-A965-3F08776BE37B}.Release|Any CPU.Build.0 = Release|Any CPU
		{3EC0A7C6-205A-4CD4-BC68-953EBD61DAA4}.Debug|Any CPU.ActiveCfg = Debug|Any CPU
		{3EC0A7C6-205A-4CD4-BC68-953EBD61DAA4}.Debug|Any CPU.Build.0 = Debug|Any CPU
		{3EC0A7C6-205A-4CD4-BC68-953EBD61DAA4}.Release|Any CPU.ActiveCfg = Release|Any CPU
		{3EC0A7C6-205A-4CD4-BC68-953EBD61DAA4}.Release|Any CPU.Build.0 = Release|Any CPU
	EndGlobalSection
	GlobalSection(SolutionProperties) = preSolution
		HideSolutionNode = FALSE
	EndGlobalSection
	GlobalSection(ExtensibilityGlobals) = postSolution
		SolutionGuid = {9DC10685-9E77-48BF-B138-7FFAFAB3AB4C}
	EndGlobalSection
EndGlobal
